# This file is automatically @generated by Poetry 1.4.0 and should not be changed by hand.

[[package]]
name = "pypdf"
version = "3.9.0"
description = "A pure-python PDF library capable of splitting, merging, cropping, and transforming PDF files"
category = "main"
optional = false
python-versions = ">=3.6"
files = [
    {file = "pypdf-3.9.0-py3-none-any.whl", hash = "sha256:a2a0859483687deb01c29180587a5028bc3595402001107c870085a1976131e3"},
    {file = "pypdf-3.9.0.tar.gz", hash = "sha256:06136b9ed99525159482a1397a49f3fc0fd55ffd700d1ad4393e3f42d192a035"},
]

[package.extras]
crypto = ["PyCryptodome"]
dev = ["black", "flit", "pip-tools", "pre-commit (<2.18.0)", "pytest-cov", "wheel"]
docs = ["myst_parser", "sphinx", "sphinx_rtd_theme"]
full = ["Pillow", "PyCryptodome"]
image = ["Pillow"]

[metadata]
lock-version = "2.0"
python-versions = "^3.11"
content-hash = "c1c10daabb18e61133eb26a5aa2485ae8f11dc7898eb14bbc8363f300e31237b"
